Microsoft Visual Studio Solution File, Format Version 12.00
# Visual Studio Version 17
VisualStudioVersion = 17.1.32414.318
MinimumVisualStudioVersion = 15.0.26124.0
Project("{FAE04EC0-301F-11D3-BF4B-00C04F79EFBC}") = "CsharpPoker", "CsharpPoker\CsharpPoker.csproj", "{D449843E-8F64-48D7-8A72-AB5A711F4103}"
EndProject
Global
	GlobalSection(SolutionConfigurationPlatforms) = preSolution
		Debug|Any CPU = Debug|Any CPU
		Release|Any CPU = Release|Any CPU
	EndGlobalSection
	GlobalSection(ProjectConfigurationPlatforms) = postSolution
		{D449843E-8F64-48D7-8A72-AB5A711F4103}.Debug|Any CPU.ActiveCfg = Debug|Any CPU
		{D449843E-8F64-48D7-8A72-AB5A711F4103}.Debug|Any CPU.Build.0 = Debug|Any CPU
		{D449843E-8F64-48D7-8A72-AB5A711F4103}.Release|Any CPU.ActiveCfg = Release|Any CPU
		{D449843E-8F64-48D7-8A72-AB5A711F4103}.Release|Any CPU.Build.0 = Release|Any CPU
	EndGlobalSection
	GlobalSection(SolutionProperties) = preSolution
		HideSolutionNode = FALSE
	EndGlobalSection
	GlobalSection(ExtensibilityGlobals) = postSolution
		SolutionGuid = {6BB856B3-AFE6-494F-907C-F75D81C0EBA7}
	EndGlobalSection
EndGlobal
